
Microsoft Visual Studio Solution File, Format Version 12.00
# Visual Studio Version 17
VisualStudioVersion = 17.9.34622.214
MinimumVisualStudioVersion = 10.0.40219.1
Project("{FAE04EC0-301F-11D3-BF4B-00C04F79EFBC}") = "Email-MultiClass-Classification", "Email-MultiClass-Classification.csproj", "{B835679B-CA88-42C4-8B95-A405EAB45366}"
EndProject
Global
	GlobalSection(SolutionConfigurationPlatforms) = preSolution
		Debug|Any CPU = Debug|Any CPU
		Release|Any CPU = Release|Any CPU
	EndGlobalSection
	GlobalSection(ProjectConfigurationPlatforms) = postSolution
		{B835679B-CA88-42C4-8B95-A405EAB45366}.Debug|Any CPU.ActiveCfg = Debug|Any CPU
		{B835679B-CA88-42C4-8B95-A405EAB45366}.Debug|Any CPU.Build.0 = Debug|Any CPU
		{B835679B-CA88-42C4-8B95-A405EAB45366}.Release|Any CPU.ActiveCfg = Release|Any CPU
		{B835679B-CA88-42C4-8B95-A405EAB45366}.Release|Any CPU.Build.0 = Release|Any CPU
	EndGlobalSection
	GlobalSection(SolutionProperties) = preSolution
		HideSolutionNode = FALSE
	EndGlobalSection
	GlobalSection(ExtensibilityGlobals) = postSolution
		SolutionGuid = {D0EB9485-B00D-4A2B-904C-DBEC8547BB70}
	EndGlobalSection
EndGlobal
